
Microsoft Visual Studio Solution File, Format Version 12.00
# Visual Studio 15
VisualStudioVersion = 15.0.26124.0
MinimumVisualStudioVersion = 15.0.26124.0
Project("{FAE04EC0-301F-11D3-BF4B-00C04F79EFBC}") = "Sicop.Client", "Sicop.Client\Sicop.Client.csproj", "{D1A1E1A6-46A1-41FB-B08D-664FD973E30F}"
EndProject
Project("{FAE04EC0-301F-11D3-BF4B-00C04F79EFBC}") = "Sicop.Tests", "Sicop.Tests\Sicop.Tests.csproj", "{73B62B9E-6C29-4ADF-AFE2-C963EF267110}"
EndProject
Project("{FAE04EC0-301F-11D3-BF4B-00C04F79EFBC}") = "SicopMonitor.Web", "SicopMonitor.Web\SicopMonitor.Web.csproj", "{6DD59646-9176-4F9E-BA41-7C9E1CEEFCFC}"
EndProject
Global
	GlobalSection(SolutionConfigurationPlatforms) = preSolution
		Debug|Any CPU = Debug|Any CPU
		Debug|x64 = Debug|x64
		Debug|x86 = Debug|x86
		Release|Any CPU = Release|Any CPU
		Release|x64 = Release|x64
		Release|x86 = Release|x86
	EndGlobalSection
	GlobalSection(SolutionProperties) = preSolution
		HideSolutionNode = FALSE
	EndGlobalSection
	GlobalSection(ProjectConfigurationPlatforms) = postSolution
		{D1A1E1A6-46A1-41FB-B08D-664FD973E30F}.Debug|Any CPU.ActiveCfg = Debug|Any CPU
		{D1A1E1A6-46A1-41FB-B08D-664FD973E30F}.Debug|Any CPU.Build.0 = Debug|Any CPU
		{D1A1E1A6-46A1-41FB-B08D-664FD973E30F}.Debug|x64.ActiveCfg = Debug|Any CPU
		{D1A1E1A6-46A1-41FB-B08D-664FD973E30F}.Debug|x64.Build.0 = Debug|Any CPU
		{D1A1E1A6-46A1-41FB-B08D-664FD973E30F}.Debug|x86.ActiveCfg = Debug|Any CPU
		{D1A1E1A6-46A1-41FB-B08D-664FD973E30F}.Debug|x86.Build.0 = Debug|Any CPU
		{D1A1E1A6-46A1-41FB-B08D-664FD973E30F}.Release|Any CPU.ActiveCfg = Release|Any CPU
		{D1A1E1A6-46A1-41FB-B08D-664FD973E30F}.Release|Any CPU.Build.0 = Release|Any CPU
		{D1A1E1A6-46A1-41FB-B08D-664FD973E30F}.Release|x64.ActiveCfg = Release|Any CPU
		{D1A1E1A6-46A1-41FB-B08D-664FD973E30F}.Release|x64.Build.0 = Release|Any CPU
		{D1A1E1A6-46A1-41FB-B08D-664FD973E30F}.Release|x86.ActiveCfg = Release|Any CPU
		{D1A1E1A6-46A1-41FB-B08D-664FD973E30F}.Release|x86.Build.0 = Release|Any CPU
		{73B62B9E-6C29-4ADF-AFE2-C963EF267110}.Debug|Any CPU.ActiveCfg = Debug|Any CPU
		{73B62B9E-6C29-4ADF-AFE2-C963EF267110}.Debug|Any CPU.Build.0 = Debug|Any CPU
		{73B62B9E-6C29-4ADF-AFE2-C963EF267110}.Debug|x64.ActiveCfg = Debug|Any CPU
		{73B62B9E-6C29-4ADF-AFE2-C963EF267110}.Debug|x64.Build.0 = Debug|Any CPU
		{73B62B9E-6C29-4ADF-AFE2-C963EF267110}.Debug|x86.ActiveCfg = Debug|Any CPU
		{73B62B9E-6C29-4ADF-AFE2-C963EF267110}.Debug|x86.Build.0 = Debug|Any CPU
		{73B62B9E-6C29-4ADF-AFE2-C963EF267110}.Release|Any CPU.ActiveCfg = Release|Any CPU
		{73B62B9E-6C29-4ADF-AFE2-C963EF267110}.Release|Any CPU.Build.0 = Release|Any CPU
		{73B62B9E-6C29-4ADF-AFE2-C963EF267110}.Release|x64.ActiveCfg = Release|Any CPU
		{73B62B9E-6C29-4ADF-AFE2-C963EF267110}.Release|x64.Build.0 = Release|Any CPU
		{73B62B9E-6C29-4ADF-AFE2-C963EF267110}.Release|x86.ActiveCfg = Release|Any CPU
		{73B62B9E-6C29-4ADF-AFE2-C963EF267110}.Release|x86.Build.0 = Release|Any CPU
		{6DD59646-9176-4F9E-BA41-7C9E1CEEFCFC}.Debug|Any CPU.ActiveCfg = Debug|Any CPU
		{6DD59646-9176-4F9E-BA41-7C9E1CEEFCFC}.Debug|Any CPU.Build.0 = Debug|Any CPU
		{6DD59646-9176-4F9E-BA41-7C9E1CEEFCFC}.Debug|x64.ActiveCfg = Debug|Any CPU
		{6DD59646-9176-4F9E-BA41-7C9E1CEEFCFC}.Debug|x64.Build.0 = Debug|Any CPU
		{6DD59646-9176-4F9E-BA41-7C9E1CEEFCFC}.Debug|x86.ActiveCfg = Debug|Any CPU
		{6DD59646-9176-4F9E-BA41-7C9E1CEEFCFC}.Debug|x86.Build.0 = Debug|Any CPU
		{6DD59646-9176-4F9E-BA41-7C9E1CEEFCFC}.Release|Any CPU.ActiveCfg = Release|Any CPU
		{6DD59646-9176-4F9E-BA41-7C9E1CEEFCFC}.Release|Any CPU.Build.0 = Release|Any CPU
		{6DD59646-9176-4F9E-BA41-7C9E1CEEFCFC}.Release|x64.ActiveCfg = Release|Any CPU
		{6DD59646-9176-4F9E-BA41-7C9E1CEEFCFC}.Release|x64.Build.0 = Release|Any CPU
		{6DD59646-9176-4F9E-BA41-7C9E1CEEFCFC}.Release|x86.ActiveCfg = Release|Any CPU
		{6DD59646-9176-4F9E-BA41-7C9E1CEEFCFC}.Release|x86.Build.0 = Release|Any CPU
	EndGlobalSection
EndGlobal
